{
    "name": "rapid-information-systems",
    "version": "1.0.0",
    "lockfileVersion": 2,
    "requires": true,
    "packages": {
        "": {
            "name": "rapid-information-systems",
            "version": "1.0.0",
            "license": "NA",
            "engines": {
                "ghost": ">=5.58.0"
            }
        }
    }
}
